{
  "name": "micro-macro",
  "version": "1.0.0",
  "lockfileVersion": 1,
  "requires": true,
  "dependencies": {
    "angular": {
      "version": "1.7.2",
      "resolved": "https://registry.npmjs.org/angular/-/angular-1.7.2.tgz",
      "integrity": "sha512-JcKKJbBdybUsmQ6x1M3xWyTYQ/ioVKJhSByEAjqrhmlOfvMFdhfMqAx5KIo8rLGk4DFolYPcCSgssjgTVjCtRQ=="
    },
    "angular-simple-logger": {
      "version": "0.1.7",
      "resolved": "https://registry.npmjs.org/angular-simple-logger/-/angular-simple-logger-0.1.7.tgz",
      "integrity": "sha1-SuSOXqwJc/V3hFkY5W1JM89m8EE=",
      "requires": {
        "angular": "^1.2",
        "debug": "^2.2.0"
      }
    },
    "debug": {
      "version": "2.6.9",
      "resolved": "https://registry.npmjs.org/debug/-/debug-2.6.9.tgz",
      "integrity": "sha512-bC7ElrdJaJnPbAP+1EotYvqZsb3ecl5wi6Bfi6BJTUcNowp6cvspg0jXznRTKDjm/E7AdgFBVeAPVMNcKGsHMA==",
      "requires": {
        "ms": "2.0.0"
      }
    },
    "diesal": {
      "version": "0.3.2",
      "resolved": "https://registry.npmjs.org/diesal/-/diesal-0.3.2.tgz",
      "integrity": "sha1-29M8oNRuplURHTAYtNx3PMc2G6E="
    },
    "leaflet": {
      "version": "1.3.3",
      "resolved": "https://registry.npmjs.org/leaflet/-/leaflet-1.3.3.tgz",
      "integrity": "sha512-R9Cu5s0bdEXb9zh0nU17pV00IEvRh4xpWR9g1Oqz17jEDuMtkhy6DoYN1Q5WjvoDMRmq389zDVueUs9A2uWZSg=="
    },
    "leaflet.heat": {
      "version": "0.2.0",
      "resolved": "https://registry.npmjs.org/leaflet.heat/-/leaflet.heat-0.2.0.tgz",
      "integrity": "sha1-EJ2M9Ybwre5B8Fr/Ax4np3/swik="
    },
    "leaflet.timeline": {
      "version": "1.2.1",
      "resolved": "https://registry.npmjs.org/leaflet.timeline/-/leaflet.timeline-1.2.1.tgz",
      "integrity": "sha512-HAkrClaAQhULym+76ZgmB29RxF5NToXwYO73cwx1mPUNeXPAASqI1ULRLVTSE9m51zme+/H9bFx7+QcxfKu8wg==",
      "requires": {
        "diesal": "^0.3.2"
      }
    },
    "moment": {
      "version": "2.22.2",
      "resolved": "https://registry.npmjs.org/moment/-/moment-2.22.2.tgz",
      "integrity": "sha1-PCV/mDn8DpP/UxSWMiOeuQeD/2Y="
    },
    "ms": {
      "version": "2.0.0",
      "resolved": "https://registry.npmjs.org/ms/-/ms-2.0.0.tgz",
      "integrity": "sha1-VgiurfwAvmwpAd9fmGF4jeDVl8g="
    },
    "ui-leaflet": {
      "version": "1.0.3",
      "resolved": "https://registry.npmjs.org/ui-leaflet/-/ui-leaflet-1.0.3.tgz",
      "integrity": "sha1-vqQ8asDrjEaEg89yxc78NMejfPM=",
      "requires": {
        "angular": "1.x",
        "angular-simple-logger": "~0.1.4",
        "leaflet": "0.7.x"
      },
      "dependencies": {
        "leaflet": {
          "version": "0.7.7",
          "resolved": "https://registry.npmjs.org/leaflet/-/leaflet-0.7.7.tgz",
          "integrity": "sha1-HjUrpU5j0HZFH6NjyQCJDLLPde4="
        }
      }
    },
    "ui-leaflet-layers": {
      "version": "0.1.3",
      "resolved": "https://registry.npmjs.org/ui-leaflet-layers/-/ui-leaflet-layers-0.1.3.tgz",
      "integrity": "sha1-JkWSEx3NxFYV6NGhdlxLdVi7PNE=",
      "requires": {
        "angular": "^1.5.x",
        "leaflet": "^0.7.7",
        "ui-leaflet": "^1.0.2"
      },
      "dependencies": {
        "leaflet": {
          "version": "0.7.7",
          "resolved": "https://registry.npmjs.org/leaflet/-/leaflet-0.7.7.tgz",
          "integrity": "sha1-HjUrpU5j0HZFH6NjyQCJDLLPde4="
        }
      }
    }
  }
}
